// !$*UTF8*$!
{
	archiveVersion = 1;
	classes = {
	};
	objectVersion = 51;
	objects = {

/* Begin PBXAggregateTarget section */
		09E176612445C91600DF283E /* TestSDK */ = {
			isa = PBXAggregateTarget;
			buildConfigurationList = 09E176622445C91600DF283E /* Build configuration list for PBXAggregateTarget "TestSDK" */;
			buildPhases = (
			);
			dependencies = (
			);
			name = TestSDK;
			productName = TestSDK;
		};
/* End PBXAggregateTarget section */

/* Begin PBXBuildFile section */
		0915AFE8244739C800D6094D /* UIButtonEnlarge.m in Sources */ = {isa = PBXBuildFile; fileRef = 0915AFE6244739C800D6094D /* UIButtonEnlarge.m */; };
		0915AFE9244739C800D6094D /* UIButtonEnlarge.h in Headers */ = {isa = PBXBuildFile; fileRef = 0915AFE7244739C800D6094D /* UIButtonEnlarge.h */; settings = {ATTRIBUTES = (Public, ); }; };
		0915AFEE24473C6B00D6094D /* NetworkManage.h in Headers */ = {isa = PBXBuildFile; fileRef = 0915AFEC24473C6B00D6094D /* NetworkManage.h */; };
		0915AFEF24473C6B00D6094D /* NetworkManage.m in Sources */ = {isa = PBXBuildFile; fileRef = 0915AFED24473C6B00D6094D /* NetworkManage.m */; };
		0915B191244750EA00D6094D /* HTTPNetworkTool.h in Headers */ = {isa = PBXBuildFile; fileRef = 0915B18F244750EA00D6094D /* HTTPNetworkTool.h */; settings = {ATTRIBUTES = (Public, ); }; };
		0915B192244750EA00D6094D /* HTTPNetworkTool.m in Sources */ = {isa = PBXBuildFile; fileRef = 0915B190244750EA00D6094D /* HTTPNetworkTool.m */; };
		09E175DC2445C5F900DF283E /* MyTestSDK.h in Headers */ = {isa = PBXBuildFile; fileRef = 09E175DA2445C5F900DF283E /* MyTestSDK.h */; settings = {ATTRIBUTES = (Public, ); }; };
		09E1767B2445CCB000DF283E /* TemplateView.h in Headers */ = {isa = PBXBuildFile; fileRef = 09E1766A2445CCB000DF283E /* TemplateView.h */; };
		09E1767C2445CCB000DF283E /* TemplateView.m in Sources */ = {isa = PBXBuildFile; fileRef = 09E1766B2445CCB000DF283E /* TemplateView.m */; };
		09E1767D2445CCB000DF283E /* TemplateViewController.m in Sources */ = {isa = PBXBuildFile; fileRef = 09E1766F2445CCB000DF283E /* TemplateViewController.m */; };
		09E1767E2445CCB000DF283E /* TemplateViewController.h in Headers */ = {isa = PBXBuildFile; fileRef = 09E176702445CCB000DF283E /* TemplateViewController.h */; };
		09E176812445CCB000DF283E /* TemplateLogic.m in Sources */ = {isa = PBXBuildFile; fileRef = 09E176762445CCB000DF283E /* TemplateLogic.m */; };
		09E176822445CCB000DF283E /* TemplateManger.m in Sources */ = {isa = PBXBuildFile; fileRef = 09E176772445CCB000DF283E /* TemplateManger.m */; };
		09E176832445CCB000DF283E /* TemplateLogic.h in Headers */ = {isa = PBXBuildFile; fileRef = 09E176782445CCB000DF283E /* TemplateLogic.h */; settings = {ATTRIBUTES = (Public, ); }; };
		09E176842445CCB000DF283E /* TemplateManger.h in Headers */ = {isa = PBXBuildFile; fileRef = 09E176792445CCB000DF283E /* TemplateManger.h */; settings = {ATTRIBUTES = (Public, ); }; };
		09E1E90E2448684800F362D4 /* LICENSE in Resources */ = {isa = PBXBuildFile; fileRef = 09E1E8F22448684800F362D4 /* LICENSE */; };
		09E1E90F2448684800F362D4 /* MASCompositeConstraint.h in Headers */ = {isa = PBXBuildFile; fileRef = 09E1E8F42448684800F362D4 /* MASCompositeConstraint.h */; };
		09E1E9102448684800F362D4 /* NSLayoutConstraint+MASDebugAdditions.m in Sources */ = {isa = PBXBuildFile; fileRef = 09E1E8F52448684800F362D4 /* NSLayoutConstraint+MASDebugAdditions.m */; };
		09E1E9112448684800F362D4 /* MASConstraint+Private.h in Headers */ = {isa = PBXBuildFile; fileRef = 09E1E8F62448684800F362D4 /* MASConstraint+Private.h */; };
		09E1E9122448684800F362D4 /* MASLayoutConstraint.h in Headers */ = {isa = PBXBuildFile; fileRef = 09E1E8F72448684800F362D4 /* MASLayoutConstraint.h */; };
		09E1E9132448684800F362D4 /* NSArray+MASShorthandAdditions.h in Headers */ = {isa = PBXBuildFile; fileRef = 09E1E8F82448684800F362D4 /* NSArray+MASShorthandAdditions.h */; };
		09E1E9142448684800F362D4 /* MASConstraintMaker.h in Headers */ = {isa = PBXBuildFile; fileRef = 09E1E8F92448684800F362D4 /* MASConstraintMaker.h */; };
		09E1E9152448684800F362D4 /* View+MASAdditions.h in Headers */ = {isa = PBXBuildFile; fileRef = 09E1E8FA2448684800F362D4 /* View+MASAdditions.h */; };
		09E1E9162448684800F362D4 /* NSArray+MASAdditions.h in Headers */ = {isa = PBXBuildFile; fileRef = 09E1E8FB2448684800F362D4 /* NSArray+MASAdditions.h */; };
		09E1E9172448684800F362D4 /* MASUtilities.h in Headers */ = {isa = PBXBuildFile; fileRef = 09E1E8FC2448684800F362D4 /* MASUtilities.h */; };
		09E1E9182448684800F362D4 /* MASViewAttribute.h in Headers */ = {isa = PBXBuildFile; fileRef = 09E1E8FD2448684800F362D4 /* MASViewAttribute.h */; };
		09E1E9192448684800F362D4 /* ViewController+MASAdditions.m in Sources */ = {isa = PBXBuildFile; fileRef = 09E1E8FE2448684800F362D4 /* ViewController+MASAdditions.m */; };
		09E1E91A2448684800F362D4 /* MASViewConstraint.h in Headers */ = {isa = PBXBuildFile; fileRef = 09E1E8FF2448684800F362D4 /* MASViewConstraint.h */; };
		09E1E91B2448684800F362D4 /* MASConstraint.h in Headers */ = {isa = PBXBuildFile; fileRef = 09E1E9002448684800F362D4 /* MASConstraint.h */; };
		09E1E91C2448684800F362D4 /* NSLayoutConstraint+MASDebugAdditions.h in Headers */ = {isa = PBXBuildFile; fileRef = 09E1E9012448684800F362D4 /* NSLayoutConstraint+MASDebugAdditions.h */; };
		09E1E91D2448684800F362D4 /* MASCompositeConstraint.m in Sources */ = {isa = PBXBuildFile; fileRef = 09E1E9022448684800F362D4 /* MASCompositeConstraint.m */; };
		09E1E91E2448684800F362D4 /* MASConstraintMaker.m in Sources */ = {isa = PBXBuildFile; fileRef = 09E1E9032448684800F362D4 /* MASConstraintMaker.m */; };
		09E1E91F2448684800F362D4 /* MASLayoutConstraint.m in Sources */ = {isa = PBXBuildFile; fileRef = 09E1E9042448684800F362D4 /* MASLayoutConstraint.m */; };
		09E1E9202448684800F362D4 /* NSArray+MASAdditions.m in Sources */ = {isa = PBXBuildFile; fileRef = 09E1E9052448684800F362D4 /* NSArray+MASAdditions.m */; };
		09E1E9212448684800F362D4 /* View+MASAdditions.m in Sources */ = {isa = PBXBuildFile; fileRef = 09E1E9062448684800F362D4 /* View+MASAdditions.m */; };
		09E1E9222448684800F362D4 /* View+MASShorthandAdditions.h in Headers */ = {isa = PBXBuildFile; fileRef = 09E1E9072448684800F362D4 /* View+MASShorthandAdditions.h */; };
		09E1E9232448684800F362D4 /* Masonry.h in Headers */ = {isa = PBXBuildFile; fileRef = 09E1E9082448684800F362D4 /* Masonry.h */; };
		09E1E9242448684800F362D4 /* MASConstraint.m in Sources */ = {isa = PBXBuildFile; fileRef = 09E1E9092448684800F362D4 /* MASConstraint.m */; };
		09E1E9252448684800F362D4 /* ViewController+MASAdditions.h in Headers */ = {isa = PBXBuildFile; fileRef = 09E1E90A2448684800F362D4 /* ViewController+MASAdditions.h */; };
		09E1E9262448684800F362D4 /* MASViewConstraint.m in Sources */ = {isa = PBXBuildFile; fileRef = 09E1E90B2448684800F362D4 /* MASViewConstraint.m */; };
		09E1E9272448684800F362D4 /* MASViewAttribute.m in Sources */ = {isa = PBXBuildFile; fileRef = 09E1E90C2448684800F362D4 /* MASViewAttribute.m */; };
		09E1E9282448684800F362D4 /* README.md in Resources */ = {isa = PBXBuildFile; fileRef = 09E1E90D2448684800F362D4 /* README.md */; };
/* End PBXBuildFile section */

/* Begin PBXFileReference section */
		0915AFE6244739C800D6094D /* UIButtonEnlarge.m */ = {isa = PBXFileReference; fileEncoding = 4; lastKnownFileType = sourcecode.c.objc; path = UIButtonEnlarge.m; sourceTree = "<group>"; };
		0915AFE7244739C800D6094D /* UIButtonEnlarge.h */ = {isa = PBXFileReference; fileEncoding = 4; lastKnownFileType = sourcecode.c.h; path = UIButtonEnlarge.h; sourceTree = "<group>"; };
		0915AFEC24473C6B00D6094D /* NetworkManage.h */ = {isa = PBXFileReference; fileEncoding = 4; lastKnownFileType = sourcecode.c.h; path = NetworkManage.h; sourceTree = "<group>"; };
		0915AFED24473C6B00D6094D /* NetworkManage.m */ = {isa = PBXFileReference; fileEncoding = 4; lastKnownFileType = sourcecode.c.objc; path = NetworkManage.m; sourceTree = "<group>"; };
		0915B09D2447447D00D6094D /* LICENSE */ = {isa = PBXFileReference; lastKnownFileType = text; path = LICENSE; sourceTree = "<group>"; };
		0915B09E2447447D00D6094D /* README.md */ = {isa = PBXFileReference; lastKnownFileType = net.daringfireball.markdown; path = README.md; sourceTree = "<group>"; };
		0915B0A02447447D00D6094D /* UIProgressView+AFNetworking.m */ = {isa = PBXFileReference; lastKnownFileType = sourcecode.c.objc; path = "UIProgressView+AFNetworking.m"; sourceTree = "<group>"; };
		0915B0A12447447D00D6094D /* UIButton+AFNetworking.h */ = {isa = PBXFileReference; lastKnownFileType = sourcecode.c.h; path = "UIButton+AFNetworking.h"; sourceTree = "<group>"; };
		0915B0A22447447D00D6094D /* UIRefreshControl+AFNetworking.m */ = {isa = PBXFileReference; lastKnownFileType = sourcecode.c.objc; path = "UIRefreshControl+AFNetworking.m"; sourceTree = "<group>"; };
		0915B0A32447447D00D6094D /* UIImageView+AFNetworking.h */ = {isa = PBXFileReference; lastKnownFileType = sourcecode.c.h; path = "UIImageView+AFNetworking.h"; sourceTree = "<group>"; };
		0915B0A42447447D00D6094D /* AFImageDownloader.h */ = {isa = PBXFileReference; lastKnownFileType = sourcecode.c.h; path = AFImageDownloader.h; sourceTree = "<group>"; };
		0915B0A52447447D00D6094D /* AFNetworkActivityIndicatorManager.m */ = {isa = PBXFileReference; lastKnownFileType = sourcecode.c.objc; path = AFNetworkActivityIndicatorManager.m; sourceTree = "<group>"; };
		0915B0A62447447D00D6094D /* AFAutoPurgingImageCache.h */ = {isa = PBXFileReference; lastKnownFileType = sourcecode.c.h; path = AFAutoPurgingImageCache.h; sourceTree = "<group>"; };
		0915B0A72447447D00D6094D /* UIWebView+AFNetworking.h */ = {isa = PBXFileReference; lastKnownFileType = sourcecode.c.h; path = "UIWebView+AFNetworking.h"; sourceTree = "<group>"; };
		0915B0A82447447D00D6094D /* UIActivityIndicatorView+AFNetworking.h */ = {isa = PBXFileReference; lastKnownFileType = sourcecode.c.h; path = "UIActivityIndicatorView+AFNetworking.h"; sourceTree = "<group>"; };
		0915B0A92447447D00D6094D /* UIImage+AFNetworking.h */ = {isa = PBXFileReference; lastKnownFileType = sourcecode.c.h; path = "UIImage+AFNetworking.h"; sourceTree = "<group>"; };
		0915B0AA2447447D00D6094D /* UIProgressView+AFNetworking.h */ = {isa = PBXFileReference; lastKnownFileType = sourcecode.c.h; path = "UIProgressView+AFNetworking.h"; sourceTree = "<group>"; };
		0915B0AB2447447D00D6094D /* UIImageView+AFNetworking.m */ = {isa = PBXFileReference; lastKnownFileType = sourcecode.c.objc; path = "UIImageView+AFNetworking.m"; sourceTree = "<group>"; };
		0915B0AC2447447D00D6094D /* UIKit+AFNetworking.h */ = {isa = PBXFileReference; lastKnownFileType = sourcecode.c.h; path = "UIKit+AFNetworking.h"; sourceTree = "<group>"; };
		0915B0AD2447447D00D6094D /* UIRefreshControl+AFNetworking.h */ = {isa = PBXFileReference; lastKnownFileType = sourcecode.c.h; path = "UIRefreshControl+AFNetworking.h"; sourceTree = "<group>"; };
		0915B0AE2447447D00D6094D /* UIButton+AFNetworking.m */ = {isa = PBXFileReference; lastKnownFileType = sourcecode.c.objc; path = "UIButton+AFNetworking.m"; sourceTree = "<group>"; };
		0915B0AF2447447D00D6094D /* UIActivityIndicatorView+AFNetworking.m */ = {isa = PBXFileReference; lastKnownFileType = sourcecode.c.objc; path = "UIActivityIndicatorView+AFNetworking.m"; sourceTree = "<group>"; };
		0915B0B02447447D00D6094D /* UIWebView+AFNetworking.m */ = {isa = PBXFileReference; lastKnownFileType = sourcecode.c.objc; path = "UIWebView+AFNetworking.m"; sourceTree = "<group>"; };
		0915B0B12447447D00D6094D /* AFAutoPurgingImageCache.m */ = {isa = PBXFileReference; lastKnownFileType = sourcecode.c.objc; path = AFAutoPurgingImageCache.m; sourceTree = "<group>"; };
		0915B0B22447447D00D6094D /* AFNetworkActivityIndicatorManager.h */ = {isa = PBXFileReference; lastKnownFileType = sourcecode.c.h; path = AFNetworkActivityIndicatorManager.h; sourceTree = "<group>"; };
		0915B0B32447447D00D6094D /* AFImageDownloader.m */ = {isa = PBXFileReference; lastKnownFileType = sourcecode.c.objc; path = AFImageDownloader.m; sourceTree = "<group>"; };
		0915B0B52447447D00D6094D /* AFSecurityPolicy.h */ = {isa = PBXFileReference; lastKnownFileType = sourcecode.c.h; path = AFSecurityPolicy.h; sourceTree = "<group>"; };
		0915B0B62447447D00D6094D /* AFNetworkReachabilityManager.h */ = {isa = PBXFileReference; lastKnownFileType = sourcecode.c.h; path = AFNetworkReachabilityManager.h; sourceTree = "<group>"; };
		0915B0B72447447D00D6094D /* AFURLSessionManager.h */ = {isa = PBXFileReference; lastKnownFileType = sourcecode.c.h; path = AFURLSessionManager.h; sourceTree = "<group>"; };
		0915B0B82447447D00D6094D /* AFURLRequestSerialization.h */ = {isa = PBXFileReference; lastKnownFileType = sourcecode.c.h; path = AFURLRequestSerialization.h; sourceTree = "<group>"; };
		0915B0B92447447D00D6094D /* AFURLResponseSerialization.m */ = {isa = PBXFileReference; lastKnownFileType = sourcecode.c.objc; path = AFURLResponseSerialization.m; sourceTree = "<group>"; };
		0915B0BA2447447D00D6094D /* AFHTTPSessionManager.m */ = {isa = PBXFileReference; lastKnownFileType = sourcecode.c.objc; path = AFHTTPSessionManager.m; sourceTree = "<group>"; };
		0915B0BB2447447D00D6094D /* AFURLResponseSerialization.h */ = {isa = PBXFileReference; lastKnownFileType = sourcecode.c.h; path = AFURLResponseSerialization.h; sourceTree = "<group>"; };
		0915B0BC2447447D00D6094D /* AFURLSessionManager.m */ = {isa = PBXFileReference; lastKnownFileType = sourcecode.c.objc; path = AFURLSessionManager.m; sourceTree = "<group>"; };
		0915B0BD2447447D00D6094D /* AFURLRequestSerialization.m */ = {isa = PBXFileReference; lastKnownFileType = sourcecode.c.objc; path = AFURLRequestSerialization.m; sourceTree = "<group>"; };
		0915B0BE2447447D00D6094D /* AFNetworking.h */ = {isa = PBXFileReference; lastKnownFileType = sourcecode.c.h; path = AFNetworking.h; sourceTree = "<group>"; };
		0915B0BF2447447D00D6094D /* AFNetworkReachabilityManager.m */ = {isa = PBXFileReference; lastKnownFileType = sourcecode.c.objc; path = AFNetworkReachabilityManager.m; sourceTree = "<group>"; };
		0915B0C02447447D00D6094D /* AFSecurityPolicy.m */ = {isa = PBXFileReference; lastKnownFileType = sourcecode.c.objc; path = AFSecurityPolicy.m; sourceTree = "<group>"; };
		0915B0C12447447D00D6094D /* AFCompatibilityMacros.h */ = {isa = PBXFileReference; lastKnownFileType = sourcecode.c.h; path = AFCompatibilityMacros.h; sourceTree = "<group>"; };
		0915B0C22447447D00D6094D /* AFHTTPSessionManager.h */ = {isa = PBXFileReference; lastKnownFileType = sourcecode.c.h; path = AFHTTPSessionManager.h; sourceTree = "<group>"; };
		0915B18F244750EA00D6094D /* HTTPNetworkTool.h */ = {isa = PBXFileReference; lastKnownFileType = sourcecode.c.h; path = HTTPNetworkTool.h; sourceTree = "<group>"; };
		0915B190244750EA00D6094D /* HTTPNetworkTool.m */ = {isa = PBXFileReference; lastKnownFileType = sourcecode.c.objc; path = HTTPNetworkTool.m; sourceTree = "<group>"; };
		094090E62449885B003054E4 /* PrefixHeader.pch */ = {isa = PBXFileReference; lastKnownFileType = sourcecode.c.h; path = PrefixHeader.pch; sourceTree = "<group>"; };
		09E175D72445C5F900DF283E /* MyTestSDK.framework */ = {isa = PBXFileReference; explicitFileType = wrapper.framework; includeInIndex = 0; path = MyTestSDK.framework; sourceTree = BUILT_PRODUCTS_DIR; };
		09E175DA2445C5F900DF283E /* MyTestSDK.h */ = {isa = PBXFileReference; lastKnownFileType = sourcecode.c.h; path = MyTestSDK.h; sourceTree = "<group>"; };
		09E175DB2445C5F900DF283E /* Info.plist */ = {isa = PBXFileReference; lastKnownFileType = text.plist.xml; path = Info.plist; sourceTree = "<group>"; };
		09E1766A2445CCB000DF283E /* TemplateView.h */ = {isa = PBXFileReference; fileEncoding = 4; lastKnownFileType = sourcecode.c.h; path = TemplateView.h; sourceTree = "<group>"; };
		09E1766B2445CCB000DF283E /* TemplateView.m */ = {isa = PBXFileReference; fileEncoding = 4; lastKnownFileType = sourcecode.c.objc; path = TemplateView.m; sourceTree = "<group>"; };
		09E1766F2445CCB000DF283E /* TemplateViewController.m */ = {isa = PBXFileReference; fileEncoding = 4; lastKnownFileType = sourcecode.c.objc; path = TemplateViewController.m; sourceTree = "<group>"; };
		09E176702445CCB000DF283E /* TemplateViewController.h */ = {isa = PBXFileReference; fileEncoding = 4; lastKnownFileType = sourcecode.c.h; path = TemplateViewController.h; sourceTree = "<group>"; };
		09E176762445CCB000DF283E /* TemplateLogic.m */ = {isa = PBXFileReference; fileEncoding = 4; lastKnownFileType = sourcecode.c.objc; path = TemplateLogic.m; sourceTree = "<group>"; };
		09E176772445CCB000DF283E /* TemplateManger.m */ = {isa = PBXFileReference; fileEncoding = 4; lastKnownFileType = sourcecode.c.objc; path = TemplateManger.m; sourceTree = "<group>"; };
		09E176782445CCB000DF283E /* TemplateLogic.h */ = {isa = PBXFileReference; fileEncoding = 4; lastKnownFileType = sourcecode.c.h; path = TemplateLogic.h; sourceTree = "<group>"; };
		09E176792445CCB000DF283E /* TemplateManger.h */ = {isa = PBXFileReference; fileEncoding = 4; lastKnownFileType = sourcecode.c.h; path = TemplateManger.h; sourceTree = "<group>"; };
		09E1E8F22448684800F362D4 /* LICENSE */ = {isa = PBXFileReference; fileEncoding = 4; lastKnownFileType = text; path = LICENSE; sourceTree = "<group>"; };
		09E1E8F42448684800F362D4 /* MASCompositeConstraint.h */ = {isa = PBXFileReference; fileEncoding = 4; lastKnownFileType = sourcecode.c.h; path = MASCompositeConstraint.h; sourceTree = "<group>"; };
		09E1E8F52448684800F362D4 /* NSLayoutConstraint+MASDebugAdditions.m */ = {isa = PBXFileReference; fileEncoding = 4; lastKnownFileType = sourcecode.c.objc; path = "NSLayoutConstraint+MASDebugAdditions.m"; sourceTree = "<group>"; };
		09E1E8F62448684800F362D4 /* MASConstraint+Private.h */ = {isa = PBXFileReference; fileEncoding = 4; lastKnownFileType = sourcecode.c.h; path = "MASConstraint+Private.h"; sourceTree = "<group>"; };
		09E1E8F72448684800F362D4 /* MASLayoutConstraint.h */ = {isa = PBXFileReference; fileEncoding = 4; lastKnownFileType = sourcecode.c.h; path = MASLayoutConstraint.h; sourceTree = "<group>"; };
		09E1E8F82448684800F362D4 /* NSArray+MASShorthandAdditions.h */ = {isa = PBXFileReference; fileEncoding = 4; lastKnownFileType = sourcecode.c.h; path = "NSArray+MASShorthandAdditions.h"; sourceTree = "<group>"; };
		09E1E8F92448684800F362D4 /* MASConstraintMaker.h */ = {isa = PBXFileReference; fileEncoding = 4; lastKnownFileType = sourcecode.c.h; path = MASConstraintMaker.h; sourceTree = "<group>"; };
		09E1E8FA2448684800F362D4 /* View+MASAdditions.h */ = {isa = PBXFileReference; fileEncoding = 4; lastKnownFileType = sourcecode.c.h; path = "View+MASAdditions.h"; sourceTree = "<group>"; };
		09E1E8FB2448684800F362D4 /* NSArray+MASAdditions.h */ = {isa = PBXFileReference; fileEncoding = 4; lastKnownFileType = sourcecode.c.h; path = "NSArray+MASAdditions.h"; sourceTree = "<group>"; };
		09E1E8FC2448684800F362D4 /* MASUtilities.h */ = {isa = PBXFileReference; fileEncoding = 4; lastKnownFileType = sourcecode.c.h; path = MASUtilities.h; sourceTree = "<group>"; };
		09E1E8FD2448684800F362D4 /* MASViewAttribute.h */ = {isa = PBXFileReference; fileEncoding = 4; lastKnownFileType = sourcecode.c.h; path = MASViewAttribute.h; sourceTree = "<group>"; };
		09E1E8FE2448684800F362D4 /* ViewController+MASAdditions.m */ = {isa = PBXFileReference; fileEncoding = 4; lastKnownFileType = sourcecode.c.objc; path = "ViewController+MASAdditions.m"; sourceTree = "<group>"; };
		09E1E8FF2448684800F362D4 /* MASViewConstraint.h */ = {isa = PBXFileReference; fileEncoding = 4; lastKnownFileType = sourcecode.c.h; path = MASViewConstraint.h; sourceTree = "<group>"; };
		09E1E9002448684800F362D4 /* MASConstraint.h */ = {isa = PBXFileReference; fileEncoding = 4; lastKnownFileType = sourcecode.c.h; path = MASConstraint.h; sourceTree = "<group>"; };
		09E1E9012448684800F362D4 /* NSLayoutConstraint+MASDebugAdditions.h */ = {isa = PBXFileReference; fileEncoding = 4; lastKnownFileType = sourcecode.c.h; path = "NSLayoutConstraint+MASDebugAdditions.h"; sourceTree = "<group>"; };
		09E1E9022448684800F362D4 /* MASCompositeConstraint.m */ = {isa = PBXFileReference; fileEncoding = 4; lastKnownFileType = sourcecode.c.objc; path = MASCompositeConstraint.m; sourceTree = "<group>"; };
		09E1E9032448684800F362D4 /* MASConstraintMaker.m */ = {isa = PBXFileReference; fileEncoding = 4; lastKnownFileType = sourcecode.c.objc; path = MASConstraintMaker.m; sourceTree = "<group>"; };
		09E1E9042448684800F362D4 /* MASLayoutConstraint.m */ = {isa = PBXFileReference; fileEncoding = 4; lastKnownFileType = sourcecode.c.objc; path = MASLayoutConstraint.m; sourceTree = "<group>"; };
		09E1E9052448684800F362D4 /* NSArray+MASAdditions.m */ = {isa = PBXFileReference; fileEncoding = 4; lastKnownFileType = sourcecode.c.objc; path = "NSArray+MASAdditions.m"; sourceTree = "<group>"; };
		09E1E9062448684800F362D4 /* View+MASAdditions.m */ = {isa = PBXFileReference; fileEncoding = 4; lastKnownFileType = sourcecode.c.objc; path = "View+MASAdditions.m"; sourceTree = "<group>"; };
		09E1E9072448684800F362D4 /* View+MASShorthandAdditions.h */ = {isa = PBXFileReference; fileEncoding = 4; lastKnownFileType = sourcecode.c.h; path = "View+MASShorthandAdditions.h"; sourceTree = "<group>"; };
		09E1E9082448684800F362D4 /* Masonry.h */ = {isa = PBXFileReference; fileEncoding = 4; lastKnownFileType = sourcecode.c.h; path = Masonry.h; sourceTree = "<group>"; };
		09E1E9092448684800F362D4 /* MASConstraint.m */ = {isa = PBXFileReference; fileEncoding = 4; lastKnownFileType = sourcecode.c.objc; path = MASConstraint.m; sourceTree = "<group>"; };
		09E1E90A2448684800F362D4 /* ViewController+MASAdditions.h */ = {isa = PBXFileReference; fileEncoding = 4; lastKnownFileType = sourcecode.c.h; path = "ViewController+MASAdditions.h"; sourceTree = "<group>"; };
		09E1E90B2448684800F362D4 /* MASViewConstraint.m */ = {isa = PBXFileReference; fileEncoding = 4; lastKnownFileType = sourcecode.c.objc; path = MASViewConstraint.m; sourceTree = "<group>"; };
		09E1E90C2448684800F362D4 /* MASViewAttribute.m */ = {isa = PBXFileReference; fileEncoding = 4; lastKnownFileType = sourcecode.c.objc; path = MASViewAttribute.m; sourceTree = "<group>"; };
		09E1E90D2448684800F362D4 /* README.md */ = {isa = PBXFileReference; fileEncoding = 4; lastKnownFileType = net.daringfireball.markdown; path = README.md; sourceTree = "<group>"; };
		5C62358F77DA43B6E1060DC7 /* Pods-MyTestSDK.debug.xcconfig */ = {isa = PBXFileReference; includeInIndex = 1; lastKnownFileType = text.xcconfig; name = "Pods-MyTestSDK.debug.xcconfig"; path = "Target Support Files/Pods-MyTestSDK/Pods-MyTestSDK.debug.xcconfig"; sourceTree = "<group>"; };
		6C7CD00EAC3707387E6C302F /* Pods-MyTestSDK.release.xcconfig */ = {isa = PBXFileReference; includeInIndex = 1; lastKnownFileType = text.xcconfig; name = "Pods-MyTestSDK.release.xcconfig"; path = "Target Support Files/Pods-MyTestSDK/Pods-MyTestSDK.release.xcconfig"; sourceTree = "<group>"; };
		71BE851249664E20AA268CE0 /* libPods-MyTestSDK.a */ = {isa = PBXFileReference; explicitFileType = archive.ar; includeInIndex = 0; path = "libPods-MyTestSDK.a"; sourceTree = BUILT_PRODUCTS_DIR; };
/* End PBXFileReference section */

/* Begin PBXFrameworksBuildPhase section */
		09E175D42445C5F900DF283E /* Frameworks */ = {
			isa = PBXFrameworksBuildPhase;
			buildActionMask = 2147483647;
			files = (
			);
			runOnlyForDeploymentPostprocessing = 0;
		};
/* End PBXFrameworksBuildPhase section */

/* Begin PBXGroup section */
		0915B09B2447447D00D6094D /* Depend */ = {
			isa = PBXGroup;
			children = (
				09E1E8F12448684800F362D4 /* Masonry */,
				0915B09C2447447D00D6094D /* AFNetworking */,
			);
			path = Depend;
			sourceTree = "<group>";
		};
		0915B09C2447447D00D6094D /* AFNetworking */ = {
			isa = PBXGroup;
			children = (
				0915B09D2447447D00D6094D /* LICENSE */,
				0915B09E2447447D00D6094D /* README.md */,
				0915B09F2447447D00D6094D /* UIKit+AFNetworking */,
				0915B0B42447447D00D6094D /* AFNetworking */,
			);
			path = AFNetworking;
			sourceTree = "<group>";
		};
		0915B09F2447447D00D6094D /* UIKit+AFNetworking */ = {
			isa = PBXGroup;
			children = (
				0915B0A02447447D00D6094D /* UIProgressView+AFNetworking.m */,
				0915B0A12447447D00D6094D /* UIButton+AFNetworking.h */,
				0915B0A22447447D00D6094D /* UIRefreshControl+AFNetworking.m */,
				0915B0A32447447D00D6094D /* UIImageView+AFNetworking.h */,
				0915B0A42447447D00D6094D /* AFImageDownloader.h */,
				0915B0A52447447D00D6094D /* AFNetworkActivityIndicatorManager.m */,
				0915B0A62447447D00D6094D /* AFAutoPurgingImageCache.h */,
				0915B0A72447447D00D6094D /* UIWebView+AFNetworking.h */,
				0915B0A82447447D00D6094D /* UIActivityIndicatorView+AFNetworking.h */,
				0915B0A92447447D00D6094D /* UIImage+AFNetworking.h */,
				0915B0AA2447447D00D6094D /* UIProgressView+AFNetworking.h */,
				0915B0AB2447447D00D6094D /* UIImageView+AFNetworking.m */,
				0915B0AC2447447D00D6094D /* UIKit+AFNetworking.h */,
				0915B0AD2447447D00D6094D /* UIRefreshControl+AFNetworking.h */,
				0915B0AE2447447D00D6094D /* UIButton+AFNetworking.m */,
				0915B0AF2447447D00D6094D /* UIActivityIndicatorView+AFNetworking.m */,
				0915B0B02447447D00D6094D /* UIWebView+AFNetworking.m */,
				0915B0B12447447D00D6094D /* AFAutoPurgingImageCache.m */,
				0915B0B22447447D00D6094D /* AFNetworkActivityIndicatorManager.h */,
				0915B0B32447447D00D6094D /* AFImageDownloader.m */,
			);
			path = "UIKit+AFNetworking";
			sourceTree = "<group>";
		};
		0915B0B42447447D00D6094D /* AFNetworking */ = {
			isa = PBXGroup;
			children = (
				0915B0B52447447D00D6094D /* AFSecurityPolicy.h */,
				0915B0B62447447D00D6094D /* AFNetworkReachabilityManager.h */,
				0915B0B72447447D00D6094D /* AFURLSessionManager.h */,
				0915B0B82447447D00D6094D /* AFURLRequestSerialization.h */,
				0915B0B92447447D00D6094D /* AFURLResponseSerialization.m */,
				0915B0BA2447447D00D6094D /* AFHTTPSessionManager.m */,
				0915B0BB2447447D00D6094D /* AFURLResponseSerialization.h */,
				0915B0BC2447447D00D6094D /* AFURLSessionManager.m */,
				0915B0BD2447447D00D6094D /* AFURLRequestSerialization.m */,
				0915B0BE2447447D00D6094D /* AFNetworking.h */,
				0915B0BF2447447D00D6094D /* AFNetworkReachabilityManager.m */,
				0915B0C02447447D00D6094D /* AFSecurityPolicy.m */,
				0915B0C12447447D00D6094D /* AFCompatibilityMacros.h */,
				0915B0C22447447D00D6094D /* AFHTTPSessionManager.h */,
			);
			path = AFNetworking;
			sourceTree = "<group>";
		};
		09E175CD2445C5F900DF283E = {
			isa = PBXGroup;
			children = (
				09E175D92445C5F900DF283E /* MyTestSDK */,
				09E175D82445C5F900DF283E /* Products */,
				F40EEC246D8EF6504AA2FC09 /* Pods */,
				5D1EDF2DD8DDB15B84B4CBDC /* Frameworks */,
			);
			sourceTree = "<group>";
		};
		09E175D82445C5F900DF283E /* Products */ = {
			isa = PBXGroup;
			children = (
				09E175D72445C5F900DF283E /* MyTestSDK.framework */,
			);
			name = Products;
			sourceTree = "<group>";
		};
		09E175D92445C5F900DF283E /* MyTestSDK */ = {
			isa = PBXGroup;
			children = (
				09E1766E2445CCB000DF283E /* Controller */,
				0915B09B2447447D00D6094D /* Depend */,
				09E176752445CCB000DF283E /* Logic */,
				09E1767A2445CCB000DF283E /* Model */,
				09E1766C2445CCB000DF283E /* Reource */,
				09E176712445CCB000DF283E /* Service */,
				09E1766D2445CCB000DF283E /* ThirdModule */,
				09E176692445CCB000DF283E /* View */,
				09E175DA2445C5F900DF283E /* MyTestSDK.h */,
				094090E62449885B003054E4 /* PrefixHeader.pch */,
				09E175DB2445C5F900DF283E /* Info.plist */,
			);
			path = MyTestSDK;
			sourceTree = "<group>";
		};
		09E176692445CCB000DF283E /* View */ = {
			isa = PBXGroup;
			children = (
				09E1766A2445CCB000DF283E /* TemplateView.h */,
				09E1766B2445CCB000DF283E /* TemplateView.m */,
			);
			path = View;
			sourceTree = "<group>";
		};
		09E1766C2445CCB000DF283E /* Reource */ = {
			isa = PBXGroup;
			children = (
			);
			path = Reource;
			sourceTree = "<group>";
		};
		09E1766D2445CCB000DF283E /* ThirdModule */ = {
			isa = PBXGroup;
			children = (
				0915AFE7244739C800D6094D /* UIButtonEnlarge.h */,
				0915AFE6244739C800D6094D /* UIButtonEnlarge.m */,
			);
			path = ThirdModule;
			sourceTree = "<group>";
		};
		09E1766E2445CCB000DF283E /* Controller */ = {
			isa = PBXGroup;
			children = (
				09E176702445CCB000DF283E /* TemplateViewController.h */,
				09E1766F2445CCB000DF283E /* TemplateViewController.m */,
			);
			path = Controller;
			sourceTree = "<group>";
		};
		09E176712445CCB000DF283E /* Service */ = {
			isa = PBXGroup;
			children = (
				0915AFEC24473C6B00D6094D /* NetworkManage.h */,
				0915AFED24473C6B00D6094D /* NetworkManage.m */,
				0915B18F244750EA00D6094D /* HTTPNetworkTool.h */,
				0915B190244750EA00D6094D /* HTTPNetworkTool.m */,
			);
			path = Service;
			sourceTree = "<group>";
		};
		09E176752445CCB000DF283E /* Logic */ = {
			isa = PBXGroup;
			children = (
				09E176782445CCB000DF283E /* TemplateLogic.h */,
				09E176762445CCB000DF283E /* TemplateLogic.m */,
				09E176792445CCB000DF283E /* TemplateManger.h */,
				09E176772445CCB000DF283E /* TemplateManger.m */,
			);
			path = Logic;
			sourceTree = "<group>";
		};
		09E1767A2445CCB000DF283E /* Model */ = {
			isa = PBXGroup;
			children = (
			);
			path = Model;
			sourceTree = "<group>";
		};
		09E1E8F12448684800F362D4 /* Masonry */ = {
			isa = PBXGroup;
			children = (
				09E1E8F22448684800F362D4 /* LICENSE */,
				09E1E8F32448684800F362D4 /* Masonry */,
				09E1E90D2448684800F362D4 /* README.md */,
			);
			path = Masonry;
			sourceTree = "<group>";
		};
		09E1E8F32448684800F362D4 /* Masonry */ = {
			isa = PBXGroup;
			children = (
				09E1E8F42448684800F362D4 /* MASCompositeConstraint.h */,
				09E1E8F52448684800F362D4 /* NSLayoutConstraint+MASDebugAdditions.m */,
				09E1E8F62448684800F362D4 /* MASConstraint+Private.h */,
				09E1E8F72448684800F362D4 /* MASLayoutConstraint.h */,
				09E1E8F82448684800F362D4 /* NSArray+MASShorthandAdditions.h */,
				09E1E8F92448684800F362D4 /* MASConstraintMaker.h */,
				09E1E8FA2448684800F362D4 /* View+MASAdditions.h */,
				09E1E8FB2448684800F362D4 /* NSArray+MASAdditions.h */,
				09E1E8FC2448684800F362D4 /* MASUtilities.h */,
				09E1E8FD2448684800F362D4 /* MASViewAttribute.h */,
				09E1E8FE2448684800F362D4 /* ViewController+MASAdditions.m */,
				09E1E8FF2448684800F362D4 /* MASViewConstraint.h */,
				09E1E9002448684800F362D4 /* MASConstraint.h */,
				09E1E9012448684800F362D4 /* NSLayoutConstraint+MASDebugAdditions.h */,
				09E1E9022448684800F362D4 /* MASCompositeConstraint.m */,
				09E1E9032448684800F362D4 /* MASConstraintMaker.m */,
				09E1E9042448684800F362D4 /* MASLayoutConstraint.m */,
				09E1E9052448684800F362D4 /* NSArray+MASAdditions.m */,
				09E1E9062448684800F362D4 /* View+MASAdditions.m */,
				09E1E9072448684800F362D4 /* View+MASShorthandAdditions.h */,
				09E1E9082448684800F362D4 /* Masonry.h */,
				09E1E9092448684800F362D4 /* MASConstraint.m */,
				09E1E90A2448684800F362D4 /* ViewController+MASAdditions.h */,
				09E1E90B2448684800F362D4 /* MASViewConstraint.m */,
				09E1E90C2448684800F362D4 /* MASViewAttribute.m */,
			);
			path = Masonry;
			sourceTree = "<group>";
		};
		5D1EDF2DD8DDB15B84B4CBDC /* Frameworks */ = {
			isa = PBXGroup;
			children = (
				71BE851249664E20AA268CE0 /* libPods-MyTestSDK.a */,
			);
			name = Frameworks;
			sourceTree = "<group>";
		};
		F40EEC246D8EF6504AA2FC09 /* Pods */ = {
			isa = PBXGroup;
			children = (
				5C62358F77DA43B6E1060DC7 /* Pods-MyTestSDK.debug.xcconfig */,
				6C7CD00EAC3707387E6C302F /* Pods-MyTestSDK.release.xcconfig */,
			);
			path = Pods;
			sourceTree = "<group>";
		};
/* End PBXGroup section */

/* Begin PBXHeadersBuildPhase section */
		09E175D22445C5F900DF283E /* Headers */ = {
			isa = PBXHeadersBuildPhase;
			buildActionMask = 2147483647;
			files = (
				0915B191244750EA00D6094D /* HTTPNetworkTool.h in Headers */,
				09E1E9222448684800F362D4 /* View+MASShorthandAdditions.h in Headers */,
				09E1E9232448684800F362D4 /* Masonry.h in Headers */,
				09E1E9172448684800F362D4 /* MASUtilities.h in Headers */,
				0915AFEE24473C6B00D6094D /* NetworkManage.h in Headers */,
				0915AFE9244739C800D6094D /* UIButtonEnlarge.h in Headers */,
				09E1E9122448684800F362D4 /* MASLayoutConstraint.h in Headers */,
				09E1E90F2448684800F362D4 /* MASCompositeConstraint.h in Headers */,
				09E1E9152448684800F362D4 /* View+MASAdditions.h in Headers */,
				09E176832445CCB000DF283E /* TemplateLogic.h in Headers */,
				09E1E9162448684800F362D4 /* NSArray+MASAdditions.h in Headers */,
				09E1E9112448684800F362D4 /* MASConstraint+Private.h in Headers */,
				09E1E9252448684800F362D4 /* ViewController+MASAdditions.h in Headers */,
				09E1E9132448684800F362D4 /* NSArray+MASShorthandAdditions.h in Headers */,
				09E1E91B2448684800F362D4 /* MASConstraint.h in Headers */,
				09E176842445CCB000DF283E /* TemplateManger.h in Headers */,
				09E1E91A2448684800F362D4 /* MASViewConstraint.h in Headers */,
				09E175DC2445C5F900DF283E /* MyTestSDK.h in Headers */,
				09E1E9182448684800F362D4 /* MASViewAttribute.h in Headers */,
				09E1E9142448684800F362D4 /* MASConstraintMaker.h in Headers */,
				09E1767E2445CCB000DF283E /* TemplateViewController.h in Headers */,
				09E1E91C2448684800F362D4 /* NSLayoutConstraint+MASDebugAdditions.h in Headers */,
				09E1767B2445CCB000DF283E /* TemplateView.h in Headers */,
			);
			runOnlyForDeploymentPostprocessing = 0;
		};
/* End PBXHeadersBuildPhase section */

/* Begin PBXNativeTarget section */
		09E175D62445C5F900DF283E /* MyTestSDK */ = {
			isa = PBXNativeTarget;
			buildConfigurationList = 09E175DF2445C5F900DF283E /* Build configuration list for PBXNativeTarget "MyTestSDK" */;
			buildPhases = (
				2594D1252817B4DCE9BA8376 /* [CP] Check Pods Manifest.lock */,
				09E175D22445C5F900DF283E /* Headers */,
				09E175D32445C5F900DF283E /* Sources */,
				09E175D42445C5F900DF283E /* Frameworks */,
				09E175D52445C5F900DF283E /* Resources */,
				09E176662445CA3C00DF283E /* ShellScript */,
				CF3B10550FB8A392B28BBAA8 /* [CP] Copy Pods Resources */,
			);
			buildRules = (
			);
			dependencies = (
			);
			name = MyTestSDK;
			productName = MyTestSDK;
			productReference = 09E175D72445C5F900DF283E /* MyTestSDK.framework */;
			productType = "com.apple.product-type.framework";
		};
/* End PBXNativeTarget section */

/* Begin PBXProject section */
		09E175CE2445C5F900DF283E /* Project object */ = {
			isa = PBXProject;
			attributes = {
				LastUpgradeCheck = 1110;
				ORGANIZATIONNAME = heng;
				TargetAttributes = {
					09E175D62445C5F900DF283E = {
						CreatedOnToolsVersion = 11.1;
					};
					09E176612445C91600DF283E = {
						CreatedOnToolsVersion = 11.1;
					};
				};
			};
			buildConfigurationList = 09E175D12445C5F900DF283E /* Build configuration list for PBXProject "MyTestSDK" */;
			compatibilityVersion = "Xcode 9.3";
			developmentRegion = en;
			hasScannedForEncodings = 0;
			knownRegions = (
				en,
				Base,
			);
			mainGroup = 09E175CD2445C5F900DF283E;
			productRefGroup = 09E175D82445C5F900DF283E /* Products */;
			projectDirPath = "";
			projectRoot = "";
			targets = (
				09E175D62445C5F900DF283E /* MyTestSDK */,
				09E176612445C91600DF283E /* TestSDK */,
			);
		};
/* End PBXProject section */

/* Begin PBXResourcesBuildPhase section */
		09E175D52445C5F900DF283E /* Resources */ = {
			isa = PBXResourcesBuildPhase;
			buildActionMask = 2147483647;
			files = (
				09E1E9282448684800F362D4 /* README.md in Resources */,
				09E1E90E2448684800F362D4 /* LICENSE in Resources */,
			);
			runOnlyForDeploymentPostprocessing = 0;
		};
/* End PBXResourcesBuildPhase section */

/* Begin PBXShellScriptBuildPhase section */
		09E176662445CA3C00DF283E /* ShellScript */ = {
			isa = PBXShellScriptBuildPhase;
			buildActionMask = 2147483647;
			files = (
			);
			inputFileListPaths = (
			);
			inputPaths = (
			);
			outputFileListPaths = (
			);
			outputPaths = (
			);
			runOnlyForDeploymentPostprocessing = 0;
			shellPath = /bin/sh;
			shellScript = "if [ \"${ACTION}\" = \"build\" ]\nthen\nINSTALL_DIR=${SRCROOT}/Products/${PROJECT_NAME}.framework\nDEVICE_DIR=${BUILD_ROOT}/${CONFIGURATION}-iphoneos/${PROJECT_NAME}.framework\nSIMULATOR_DIR=${BUILD_ROOT}/${CONFIGURATION}-iphonesimulator/${PROJECT_NAME}.framework\nif [ -d \"${INSTALL_DIR}\" ]\nthen\nrm -rf \"${INSTALL_DIR}\"\nfi\nmkdir -p \"${INSTALL_DIR}\"\ncp -R \"${DEVICE_DIR}/\" \"${INSTALL_DIR}/\"\n#ditto \"${DEVICE_DIR}/Headers\" \"${INSTALL_DIR}/Headers\"\nlipo -create \"${DEVICE_DIR}/${PROJECT_NAME}\" \"${SIMULATOR_DIR}/${PROJECT_NAME}\" -output \"${INSTALL_DIR}/${PROJECT_NAME}\"\n#open \"${DEVICE_DIR}\"\nopen \"${SRCROOT}/Products\"\nfi\n\n\n";
		};
		2594D1252817B4DCE9BA8376 /* [CP] Check Pods Manifest.lock */ = {
			isa = PBXShellScriptBuildPhase;
			buildActionMask = 2147483647;
			files = (
			);
			inputFileListPaths = (
			);
			inputPaths = (
				"${PODS_PODFILE_DIR_PATH}/Podfile.lock",
				"${PODS_ROOT}/Manifest.lock",
			);
			name = "[CP] Check Pods Manifest.lock";
			outputFileListPaths = (
			);
			outputPaths = (
				"$(DERIVED_FILE_DIR)/Pods-MyTestSDK-checkManifestLockResult.txt",
			);
			runOnlyForDeploymentPostprocessing = 0;
			shellPath = /bin/sh;
			shellScript = "diff \"${PODS_PODFILE_DIR_PATH}/Podfile.lock\" \"${PODS_ROOT}/Manifest.lock\" > /dev/null\nif [ $? != 0 ] ; then\n    # print error to STDERR\n    echo \"error: The sandbox is not in sync with the Podfile.lock. Run 'pod install' or update your CocoaPods installation.\" >&2\n    exit 1\nfi\n# This output is used by Xcode 'outputs' to avoid re-running this script phase.\necho \"SUCCESS\" > \"${SCRIPT_OUTPUT_FILE_0}\"\n";
			showEnvVarsInLog = 0;
		};
		CF3B10550FB8A392B28BBAA8 /* [CP] Copy Pods Resources */ = {
			isa = PBXShellScriptBuildPhase;
			buildActionMask = 2147483647;
			files = (
			);
			inputFileListPaths = (
				"${PODS_ROOT}/Target Support Files/Pods-MyTestSDK/Pods-MyTestSDK-resources-${CONFIGURATION}-input-files.xcfilelist",
			);
			name = "[CP] Copy Pods Resources";
			outputFileListPaths = (
				"${PODS_ROOT}/Target Support Files/Pods-MyTestSDK/Pods-MyTestSDK-resources-${CONFIGURATION}-output-files.xcfilelist",
			);
			runOnlyForDeploymentPostprocessing = 0;
			shellPath = /bin/sh;
			shellScript = "\"${PODS_ROOT}/Target Support Files/Pods-MyTestSDK/Pods-MyTestSDK-resources.sh\"\n";
			showEnvVarsInLog = 0;
		};
/* End PBXShellScriptBuildPhase section */

/* Begin PBXSourcesBuildPhase section */
		09E175D32445C5F900DF283E /* Sources */ = {
			isa = PBXSourcesBuildPhase;
			buildActionMask = 2147483647;
			files = (
				09E176812445CCB000DF283E /* TemplateLogic.m in Sources */,
				09E1767D2445CCB000DF283E /* TemplateViewController.m in Sources */,
				09E1E9202448684800F362D4 /* NSArray+MASAdditions.m in Sources */,
				0915AFE8244739C800D6094D /* UIButtonEnlarge.m in Sources */,
				09E1E9272448684800F362D4 /* MASViewAttribute.m in Sources */,
				0915AFEF24473C6B00D6094D /* NetworkManage.m in Sources */,
				09E1E91F2448684800F362D4 /* MASLayoutConstraint.m in Sources */,
				09E1E9212448684800F362D4 /* View+MASAdditions.m in Sources */,
				09E1E91D2448684800F362D4 /* MASCompositeConstraint.m in Sources */,
				09E1767C2445CCB000DF283E /* TemplateView.m in Sources */,
				09E1E9192448684800F362D4 /* ViewController+MASAdditions.m in Sources */,
				09E176822445CCB000DF283E /* TemplateManger.m in Sources */,
				0915B192244750EA00D6094D /* HTTPNetworkTool.m in Sources */,
				09E1E91E2448684800F362D4 /* MASConstraintMaker.m in Sources */,
				09E1E9102448684800F362D4 /* NSLayoutConstraint+MASDebugAdditions.m in Sources */,
				09E1E9242448684800F362D4 /* MASConstraint.m in Sources */,
				09E1E9262448684800F362D4 /* MASViewConstraint.m in Sources */,
			);
			runOnlyForDeploymentPostprocessing = 0;
		};
/* End PBXSourcesBuildPhase section */

/* Begin XCBuildConfiguration section */
		09E175DD2445C5F900DF283E /* Debug */ = {
			isa = XCBuildConfiguration;
			buildSettings = {
				ALWAYS_SEARCH_USER_PATHS = NO;
				CLANG_ANALYZER_NONNULL = YES;
				CLANG_ANALYZER_NUMBER_OBJECT_CONVERSION = YES_AGGRESSIVE;
				CLANG_CXX_LANGUAGE_STANDARD = "gnu++14";
				CLANG_CXX_LIBRARY = "libc++";
				CLANG_ENABLE_MODULES = YES;
				CLANG_ENABLE_OBJC_ARC = YES;
				CLANG_ENABLE_OBJC_WEAK = YES;
				CLANG_WARN_BLOCK_CAPTURE_AUTORELEASING = YES;
				CLANG_WARN_BOOL_CONVERSION = YES;
				CLANG_WARN_COMMA = YES;
				CLANG_WARN_CONSTANT_CONVERSION = YES;
				CLANG_WARN_DEPRECATED_OBJC_IMPLEMENTATIONS = YES;
				CLANG_WARN_DIRECT_OBJC_ISA_USAGE = YES_ERROR;
				CLANG_WARN_DOCUMENTATION_COMMENTS = YES;
				CLANG_WARN_EMPTY_BODY = YES;
				CLANG_WARN_ENUM_CONVERSION = YES;
				CLANG_WARN_INFINITE_RECURSION = YES;
				CLANG_WARN_INT_CONVERSION = YES;
				CLANG_WARN_NON_LITERAL_NULL_CONVERSION = YES;
				CLANG_WARN_OBJC_IMPLICIT_RETAIN_SELF = YES;
				CLANG_WARN_OBJC_LITERAL_CONVERSION = YES;
				CLANG_WARN_OBJC_ROOT_CLASS = YES_ERROR;
				CLANG_WARN_RANGE_LOOP_ANALYSIS = YES;
				CLANG_WARN_STRICT_PROTOTYPES = YES;
				CLANG_WARN_SUSPICIOUS_MOVE = YES;
				CLANG_WARN_UNGUARDED_AVAILABILITY = YES_AGGRESSIVE;
				CLANG_WARN_UNREACHABLE_CODE = YES;
				CLANG_WARN__DUPLICATE_METHOD_MATCH = YES;
				COPY_PHASE_STRIP = NO;
				CURRENT_PROJECT_VERSION = 1;
				DEBUG_INFORMATION_FORMAT = dwarf;
				ENABLE_STRICT_OBJC_MSGSEND = YES;
				ENABLE_TESTABILITY = YES;
				GCC_C_LANGUAGE_STANDARD = gnu11;
				GCC_DYNAMIC_NO_PIC = NO;
				GCC_NO_COMMON_BLOCKS = YES;
				GCC_OPTIMIZATION_LEVEL = 0;
				GCC_PREPROCESSOR_DEFINITIONS = (
					"DEBUG=1",
					"$(inherited)",
				);
				GCC_WARN_64_TO_32_BIT_CONVERSION = YES;
				GCC_WARN_ABOUT_RETURN_TYPE = YES_ERROR;
				GCC_WARN_UNDECLARED_SELECTOR = YES;
				GCC_WARN_UNINITIALIZED_AUTOS = YES_AGGRESSIVE;
				GCC_WARN_UNUSED_FUNCTION = YES;
				GCC_WARN_UNUSED_VARIABLE = YES;
				IPHONEOS_DEPLOYMENT_TARGET = 8.0;
				MTL_ENABLE_DEBUG_INFO = INCLUDE_SOURCE;
				MTL_FAST_MATH = YES;
				ONLY_ACTIVE_ARCH = YES;
				SDKROOT = iphoneos;
				VERSIONING_SYSTEM = "apple-generic";
				VERSION_INFO_PREFIX = "";
			};
			name = Debug;
		};
		09E175DE2445C5F900DF283E /* Release */ = {
			isa = XCBuildConfiguration;
			buildSettings = {
				ALWAYS_SEARCH_USER_PATHS = NO;
				CLANG_ANALYZER_NONNULL = YES;
				CLANG_ANALYZER_NUMBER_OBJECT_CONVERSION = YES_AGGRESSIVE;
				CLANG_CXX_LANGUAGE_STANDARD = "gnu++14";
				CLANG_CXX_LIBRARY = "libc++";
				CLANG_ENABLE_MODULES = YES;
				CLANG_ENABLE_OBJC_ARC = YES;
				CLANG_ENABLE_OBJC_WEAK = YES;
				CLANG_WARN_BLOCK_CAPTURE_AUTORELEASING = YES;
				CLANG_WARN_BOOL_CONVERSION = YES;
				CLANG_WARN_COMMA = YES;
				CLANG_WARN_CONSTANT_CONVERSION = YES;
				CLANG_WARN_DEPRECATED_OBJC_IMPLEMENTATIONS = YES;
				CLANG_WARN_DIRECT_OBJC_ISA_USAGE = YES_ERROR;
				CLANG_WARN_DOCUMENTATION_COMMENTS = YES;
				CLANG_WARN_EMPTY_BODY = YES;
				CLANG_WARN_ENUM_CONVERSION = YES;
				CLANG_WARN_INFINITE_RECURSION = YES;
				CLANG_WARN_INT_CONVERSION = YES;
				CLANG_WARN_NON_LITERAL_NULL_CONVERSION = YES;
				CLANG_WARN_OBJC_IMPLICIT_RETAIN_SELF = YES;
				CLANG_WARN_OBJC_LITERAL_CONVERSION = YES;
				CLANG_WARN_OBJC_ROOT_CLASS = YES_ERROR;
				CLANG_WARN_RANGE_LOOP_ANALYSIS = YES;
				CLANG_WARN_STRICT_PROTOTYPES = YES;
				CLANG_WARN_SUSPICIOUS_MOVE = YES;
				CLANG_WARN_UNGUARDED_AVAILABILITY = YES_AGGRESSIVE;
				CLANG_WARN_UNREACHABLE_CODE = YES;
				CLANG_WARN__DUPLICATE_METHOD_MATCH = YES;
				COPY_PHASE_STRIP = NO;
				CURRENT_PROJECT_VERSION = 1;
				DEBUG_INFORMATION_FORMAT = "dwarf-with-dsym";
				ENABLE_NS_ASSERTIONS = NO;
				ENABLE_STRICT_OBJC_MSGSEND = YES;
				GCC_C_LANGUAGE_STANDARD = gnu11;
				GCC_NO_COMMON_BLOCKS = YES;
				GCC_WARN_64_TO_32_BIT_CONVERSION = YES;
				GCC_WARN_ABOUT_RETURN_TYPE = YES_ERROR;
				GCC_WARN_UNDECLARED_SELECTOR = YES;
				GCC_WARN_UNINITIALIZED_AUTOS = YES_AGGRESSIVE;
				GCC_WARN_UNUSED_FUNCTION = YES;
				GCC_WARN_UNUSED_VARIABLE = YES;
				IPHONEOS_DEPLOYMENT_TARGET = 8.0;
				MTL_ENABLE_DEBUG_INFO = NO;
				MTL_FAST_MATH = YES;
				SDKROOT = iphoneos;
				VALIDATE_PRODUCT = YES;
				VERSIONING_SYSTEM = "apple-generic";
				VERSION_INFO_PREFIX = "";
			};
			name = Release;
		};
		09E175E02445C5F900DF283E /* Debug */ = {
			isa = XCBuildConfiguration;
			baseConfigurationReference = 5C62358F77DA43B6E1060DC7 /* Pods-MyTestSDK.debug.xcconfig */;
			buildSettings = {
				CLANG_ALLOW_NON_MODULAR_INCLUDES_IN_FRAMEWORK_MODULES = NO;
				CODE_SIGN_STYLE = Automatic;
				DEFINES_MODULE = YES;
				DYLIB_COMPATIBILITY_VERSION = 1;
				DYLIB_CURRENT_VERSION = 1;
				DYLIB_INSTALL_NAME_BASE = "@rpath";
				GCC_PREFIX_HEADER = "$(SRCROOT)/MyTestSDK/PrefixHeader.pch";
				INFOPLIST_FILE = MyTestSDK/Info.plist;
				INSTALL_PATH = "$(LOCAL_LIBRARY_DIR)/Frameworks";
				IPHONEOS_DEPLOYMENT_TARGET = 8.0;
				LD_RUNPATH_SEARCH_PATHS = (
					"$(inherited)",
					"@executable_path/Frameworks",
					"@loader_path/Frameworks",
				);
				MACH_O_TYPE = staticlib;
				OTHER_LDFLAGS = "-ObjC";
				PRODUCT_BUNDLE_IDENTIFIER = "-23.MyTestSDK";
				PRODUCT_NAME = "$(TARGET_NAME:c99extidentifier)";
				SKIP_INSTALL = YES;
				TARGETED_DEVICE_FAMILY = "1,2";
			};
			name = Debug;
		};
		09E175E12445C5F900DF283E /* Release */ = {
			isa = XCBuildConfiguration;
			baseConfigurationReference = 6C7CD00EAC3707387E6C302F /* Pods-MyTestSDK.release.xcconfig */;
			buildSettings = {
				CLANG_ALLOW_NON_MODULAR_INCLUDES_IN_FRAMEWORK_MODULES = NO;
				CODE_SIGN_STYLE = Automatic;
				DEFINES_MODULE = YES;
				DYLIB_COMPATIBILITY_VERSION = 1;
				DYLIB_CURRENT_VERSION = 1;
				DYLIB_INSTALL_NAME_BASE = "@rpath";
				GCC_PREFIX_HEADER = "$(SRCROOT)/MyTestSDK/PrefixHeader.pch";
				INFOPLIST_FILE = MyTestSDK/Info.plist;
				INSTALL_PATH = "$(LOCAL_LIBRARY_DIR)/Frameworks";
				IPHONEOS_DEPLOYMENT_TARGET = 8.0;
				LD_RUNPATH_SEARCH_PATHS = (
					"$(inherited)",
					"@executable_path/Frameworks",
					"@loader_path/Frameworks",
				);
				MACH_O_TYPE = staticlib;
				OTHER_LDFLAGS = "-ObjC";
				PRODUCT_BUNDLE_IDENTIFIER = "-23.MyTestSDK";
				PRODUCT_NAME = "$(TARGET_NAME:c99extidentifier)";
				SKIP_INSTALL = YES;
				TARGETED_DEVICE_FAMILY = "1,2";
			};
			name = Release;
		};
		09E176632445C91600DF283E /* Debug */ = {
			isa = XCBuildConfiguration;
			buildSettings = {
				CODE_SIGN_STYLE = Automatic;
				PRODUCT_NAME = "$(TARGET_NAME)";
			};
			name = Debug;
		};
		09E176642445C91600DF283E /* Release */ = {
			isa = XCBuildConfiguration;
			buildSettings = {
				CODE_SIGN_STYLE = Automatic;
				PRODUCT_NAME = "$(TARGET_NAME)";
			};
			name = Release;
		};
/* End XCBuildConfiguration section */

/* Begin XCConfigurationList section */
		09E175D12445C5F900DF283E /* Build configuration list for PBXProject "MyTestSDK" */ = {
			isa = XCConfigurationList;
			buildConfigurations = (
				09E175DD2445C5F900DF283E /* Debug */,
				09E175DE2445C5F900DF283E /* Release */,
			);
			defaultConfigurationIsVisible = 0;
			defaultConfigurationName = Release;
		};
		09E175DF2445C5F900DF283E /* Build configuration list for PBXNativeTarget "MyTestSDK" */ = {
			isa = XCConfigurationList;
			buildConfigurations = (
				09E175E02445C5F900DF283E /* Debug */,
				09E175E12445C5F900DF283E /* Release */,
			);
			defaultConfigurationIsVisible = 0;
			defaultConfigurationName = Release;
		};
		09E176622445C91600DF283E /* Build configuration list for PBXAggregateTarget "TestSDK" */ = {
			isa = XCConfigurationList;
			buildConfigurations = (
				09E176632445C91600DF283E /* Debug */,
				09E176642445C91600DF283E /* Release */,
			);
			defaultConfigurationIsVisible = 0;
			defaultConfigurationName = Release;
		};
/* End XCConfigurationList section */
	};
	rootObject = 09E175CE2445C5F900DF283E /* Project object */;
}
